
Microsoft Visual Studio Solution File, Format Version 12.00
# Visual Studio 2012
Project("{FAE04EC0-301F-11D3-BF4B-00C04F79EFBC}") = "StoreWebApp", "StoreWebApp\StoreWebApp.csproj", "{9C0A3EEA-DCB1-4C2C-9C00-C2AC79F07A11}"
EndProject
Project("{FAE04EC0-301F-11D3-BF4B-00C04F79EFBC}") = "Terms", "Terms\Terms.csproj", "{2973CA67-77D2-4D0D-96B4-C1BB06521BB6}"
EndProject
Global
	GlobalSection(SolutionConfigurationPlatforms) = preSolution
		Debug|Any CPU = Debug|Any CPU
		Release|Any CPU = Release|Any CPU
	EndGlobalSection
	GlobalSection(ProjectConfigurationPlatforms) = postSolution
		{9C0A3EEA-DCB1-4C2C-9C00-C2AC79F07A11}.Debug|Any CPU.ActiveCfg = Debug|Any CPU
		{9C0A3EEA-DCB1-4C2C-9C00-C2AC79F07A11}.Debug|Any CPU.Build.0 = Debug|Any CPU
		{9C0A3EEA-DCB1-4C2C-9C00-C2AC79F07A11}.Release|Any CPU.ActiveCfg = Release|Any CPU
		{9C0A3EEA-DCB1-4C2C-9C00-C2AC79F07A11}.Release|Any CPU.Build.0 = Release|Any CPU
		{2973CA67-77D2-4D0D-96B4-C1BB06521BB6}.Debug|Any CPU.ActiveCfg = Debug|Any CPU
		{2973CA67-77D2-4D0D-96B4-C1BB06521BB6}.Debug|Any CPU.Build.0 = Debug|Any CPU
		{2973CA67-77D2-4D0D-96B4-C1BB06521BB6}.Release|Any CPU.ActiveCfg = Release|Any CPU
		{2973CA67-77D2-4D0D-96B4-C1BB06521BB6}.Release|Any CPU.Build.0 = Release|Any CPU
	EndGlobalSection
	GlobalSection(SolutionProperties) = preSolution
		HideSolutionNode = FALSE
	EndGlobalSection
EndGlobal
